
Microsoft Visual Studio Solution File, Format Version 12.00
# Visual Studio Version 17
VisualStudioVersion = 17.0.32014.148
MinimumVisualStudioVersion = 10.0.40219.1
Project("{FAE04EC0-301F-11D3-BF4B-00C04F79EFBC}") = "CrystalSharpMessageBrokerRabbitMqExample.Api", "CrystalSharpMessageBrokerRabbitMqExample.Api\CrystalSharpMessageBrokerRabbitMqExample.Api.csproj", "{01C68373-FDE6-4A21-B0D4-661FF08B649D}"
EndProject
Project("{FAE04EC0-301F-11D3-BF4B-00C04F79EFBC}") = "CrystalSharpMessageBrokerRabbitMqExample.ConsleApplication", "CrystalSharpMessageBrokerRabbitMqExample.ConsleApplication\CrystalSharpMessageBrokerRabbitMqExample.ConsleApplication.csproj", "{AF6BE83C-6CAF-494D-B59A-FD8C0D2845A8}"
EndProject
Global
	GlobalSection(SolutionConfigurationPlatforms) = preSolution
		Debug|Any CPU = Debug|Any CPU
		Release|Any CPU = Release|Any CPU
	EndGlobalSection
	GlobalSection(ProjectConfigurationPlatforms) = postSolution
		{01C68373-FDE6-4A21-B0D4-661FF08B649D}.Debug|Any CPU.ActiveCfg = Debug|Any CPU
		{01C68373-FDE6-4A21-B0D4-661FF08B649D}.Debug|Any CPU.Build.0 = Debug|Any CPU
		{01C68373-FDE6-4A21-B0D4-661FF08B649D}.Release|Any CPU.ActiveCfg = Release|Any CPU
		{01C68373-FDE6-4A21-B0D4-661FF08B649D}.Release|Any CPU.Build.0 = Release|Any CPU
		{AF6BE83C-6CAF-494D-B59A-FD8C0D2845A8}.Debug|Any CPU.ActiveCfg = Debug|Any CPU
		{AF6BE83C-6CAF-494D-B59A-FD8C0D2845A8}.Debug|Any CPU.Build.0 = Debug|Any CPU
		{AF6BE83C-6CAF-494D-B59A-FD8C0D2845A8}.Release|Any CPU.ActiveCfg = Release|Any CPU
		{AF6BE83C-6CAF-494D-B59A-FD8C0D2845A8}.Release|Any CPU.Build.0 = Release|Any CPU
	EndGlobalSection
	GlobalSection(SolutionProperties) = preSolution
		HideSolutionNode = FALSE
	EndGlobalSection
	GlobalSection(ExtensibilityGlobals) = postSolution
		SolutionGuid = {20CA7B06-8457-4DF8-84DC-870B3D297A3B}
	EndGlobalSection
EndGlobal
